// !$*UTF8*$!
{
	archiveVersion = 1;
	classes = {
	};
	objectVersion = 56;
	objects = {

/* Begin PBXBuildFile section */
		B91154132AD90DA100332B58 /* Realm in Frameworks */ = {isa = PBXBuildFile; productRef = B91154122AD90DA100332B58 /* Realm */; };
		B91154152AD90DA100332B58 /* RealmSwift in Frameworks */ = {isa = PBXBuildFile; productRef = B91154142AD90DA100332B58 /* RealmSwift */; };
		B97C2AB32AD90CD1004BC3EA /* AppDelegate.swift in Sources */ = {isa = PBXBuildFile; fileRef = B97C2AB22AD90CD1004BC3EA /* AppDelegate.swift */; };
		B97C2AB52AD90CD1004BC3EA /* SceneDelegate.swift in Sources */ = {isa = PBXBuildFile; fileRef = B97C2AB42AD90CD1004BC3EA /* SceneDelegate.swift */; };
		B97C2AB72AD90CD1004BC3EA /* ViewController.swift in Sources */ = {isa = PBXBuildFile; fileRef = B97C2AB62AD90CD1004BC3EA /* ViewController.swift */; };
		B97C2ABA2AD90CD1004BC3EA /* Main.storyboard in Resources */ = {isa = PBXBuildFile; fileRef = B97C2AB82AD90CD1004BC3EA /* Main.storyboard */; };
		B97C2ABC2AD90CD3004BC3EA /* Assets.xcassets in Resources */ = {isa = PBXBuildFile; fileRef = B97C2ABB2AD90CD3004BC3EA /* Assets.xcassets */; };
		B97C2ABF2AD90CD3004BC3EA /* LaunchScreen.storyboard in Resources */ = {isa = PBXBuildFile; fileRef = B97C2ABD2AD90CD3004BC3EA /* LaunchScreen.storyboard */; };
		B97CF5852AD91A6F00494FE5 /* Login.swift in Sources */ = {isa = PBXBuildFile; fileRef = B97CF5842AD91A6F00494FE5 /* Login.swift */; };
		B97CF5872AD91A9C00494FE5 /* SignUp.swift in Sources */ = {isa = PBXBuildFile; fileRef = B97CF5862AD91A9C00494FE5 /* SignUp.swift */; };
		B97CF5892AD91DE600494FE5 /* UserNameViewController.swift in Sources */ = {isa = PBXBuildFile; fileRef = B97CF5882AD91DE600494FE5 /* UserNameViewController.swift */; };
		B97CF58C2AD91E2100494FE5 /* TableViewCell.swift in Sources */ = {isa = PBXBuildFile; fileRef = B97CF58B2AD91E2100494FE5 /* TableViewCell.swift */; };
		B97CF58E2AD935B600494FE5 /* LoginViewController.swift in Sources */ = {isa = PBXBuildFile; fileRef = B97CF58D2AD935B600494FE5 /* LoginViewController.swift */; };
		B97CF5902AD935DE00494FE5 /* SignupViewController.swift in Sources */ = {isa = PBXBuildFile; fileRef = B97CF58F2AD935DE00494FE5 /* SignupViewController.swift */; };
		B97CF5922AD96A6F00494FE5 /* String+extension.swift in Sources */ = {isa = PBXBuildFile; fileRef = B97CF5912AD96A6F00494FE5 /* String+extension.swift */; };
/* End PBXBuildFile section */

/* Begin PBXFileReference section */
		B97C2AAF2AD90CD1004BC3EA /* AthenticationFormRealm.app */ = {isa = PBXFileReference; explicitFileType = wrapper.application; includeInIndex = 0; path = AthenticationFormRealm.app; sourceTree = BUILT_PRODUCTS_DIR; };
		B97C2AB22AD90CD1004BC3EA /* AppDelegate.swift */ = {isa = PBXFileReference; lastKnownFileType = sourcecode.swift; path = AppDelegate.swift; sourceTree = "<group>"; };
		B97C2AB42AD90CD1004BC3EA /* SceneDelegate.swift */ = {isa = PBXFileReference; lastKnownFileType = sourcecode.swift; path = SceneDelegate.swift; sourceTree = "<group>"; };
		B97C2AB62AD90CD1004BC3EA /* ViewController.swift */ = {isa = PBXFileReference; lastKnownFileType = sourcecode.swift; path = ViewController.swift; sourceTree = "<group>"; };
		B97C2AB92AD90CD1004BC3EA /* Base */ = {isa = PBXFileReference; lastKnownFileType = file.storyboard; name = Base; path = Base.lproj/Main.storyboard; sourceTree = "<group>"; };
		B97C2ABB2AD90CD3004BC3EA /* Assets.xcassets */ = {isa = PBXFileReference; lastKnownFileType = folder.assetcatalog; path = Assets.xcassets; sourceTree = "<group>"; };
		B97C2ABE2AD90CD3004BC3EA /* Base */ = {isa = PBXFileReference; lastKnownFileType = file.storyboard; name = Base; path = Base.lproj/LaunchScreen.storyboard; sourceTree = "<group>"; };
		B97C2AC02AD90CD3004BC3EA /* Info.plist */ = {isa = PBXFileReference; lastKnownFileType = text.plist.xml; path = Info.plist; sourceTree = "<group>"; };
		B97CF5842AD91A6F00494FE5 /* Login.swift */ = {isa = PBXFileReference; lastKnownFileType = sourcecode.swift; path = Login.swift; sourceTree = "<group>"; };
		B97CF5862AD91A9C00494FE5 /* SignUp.swift */ = {isa = PBXFileReference; lastKnownFileType = sourcecode.swift; path = SignUp.swift; sourceTree = "<group>"; };
		B97CF5882AD91DE600494FE5 /* UserNameViewController.swift */ = {isa = PBXFileReference; lastKnownFileType = sourcecode.swift; path = UserNameViewController.swift; sourceTree = "<group>"; };
		B97CF58B2AD91E2100494FE5 /* TableViewCell.swift */ = {isa = PBXFileReference; lastKnownFileType = sourcecode.swift; path = TableViewCell.swift; sourceTree = "<group>"; };
		B97CF58D2AD935B600494FE5 /* LoginViewController.swift */ = {isa = PBXFileReference; lastKnownFileType = sourcecode.swift; path = LoginViewController.swift; sourceTree = "<group>"; };
		B97CF58F2AD935DE00494FE5 /* SignupViewController.swift */ = {isa = PBXFileReference; lastKnownFileType = sourcecode.swift; path = SignupViewController.swift; sourceTree = "<group>"; };
		B97CF5912AD96A6F00494FE5 /* String+extension.swift */ = {isa = PBXFileReference; lastKnownFileType = sourcecode.swift; path = "String+extension.swift"; sourceTree = "<group>"; };
/* End PBXFileReference section */

/* Begin PBXFrameworksBuildPhase section */
		B97C2AAC2AD90CD1004BC3EA /* Frameworks */ = {
			isa = PBXFrameworksBuildPhase;
			buildActionMask = 2147483647;
			files = (
				B91154152AD90DA100332B58 /* RealmSwift in Frameworks */,
				B91154132AD90DA100332B58 /* Realm in Frameworks */,
			);
			runOnlyForDeploymentPostprocessing = 0;
		};
/* End PBXFrameworksBuildPhase section */

/* Begin PBXGroup section */
		B97C2AA62AD90CD1004BC3EA = {
			isa = PBXGroup;
			children = (
				B97C2AB12AD90CD1004BC3EA /* AthenticationFormRealm */,
				B97C2AB02AD90CD1004BC3EA /* Products */,
			);
			sourceTree = "<group>";
		};
		B97C2AB02AD90CD1004BC3EA /* Products */ = {
			isa = PBXGroup;
			children = (
				B97C2AAF2AD90CD1004BC3EA /* AthenticationFormRealm.app */,
			);
			name = Products;
			sourceTree = "<group>";
		};
		B97C2AB12AD90CD1004BC3EA /* AthenticationFormRealm */ = {
			isa = PBXGroup;
			children = (
				B97C2AB22AD90CD1004BC3EA /* AppDelegate.swift */,
				B97C2AB42AD90CD1004BC3EA /* SceneDelegate.swift */,
				B97CF5802AD915F100494FE5 /* Models */,
				B97CF5822AD9160800494FE5 /* Controllers */,
				B97CF5832AD9161000494FE5 /* Views */,
				B97C2ABD2AD90CD3004BC3EA /* LaunchScreen.storyboard */,
				B97C2AC02AD90CD3004BC3EA /* Info.plist */,
			);
			path = AthenticationFormRealm;
			sourceTree = "<group>";
		};
		B97CF5802AD915F100494FE5 /* Models */ = {
			isa = PBXGroup;
			children = (
				B97CF5842AD91A6F00494FE5 /* Login.swift */,
				B97CF5862AD91A9C00494FE5 /* SignUp.swift */,
			);
			path = Models;
			sourceTree = "<group>";
		};
		B97CF5822AD9160800494FE5 /* Controllers */ = {
			isa = PBXGroup;
			children = (
				B97CF58A2AD91DF400494FE5 /* TableViewCell */,
				B97C2AB62AD90CD1004BC3EA /* ViewController.swift */,
				B97CF5882AD91DE600494FE5 /* UserNameViewController.swift */,
				B97CF58D2AD935B600494FE5 /* LoginViewController.swift */,
				B97CF58F2AD935DE00494FE5 /* SignupViewController.swift */,
				B97CF5912AD96A6F00494FE5 /* String+extension.swift */,
			);
			path = Controllers;
			sourceTree = "<group>";
		};
		B97CF5832AD9161000494FE5 /* Views */ = {
			isa = PBXGroup;
			children = (
				B97C2AB82AD90CD1004BC3EA /* Main.storyboard */,
				B97C2ABB2AD90CD3004BC3EA /* Assets.xcassets */,
			);
			path = Views;
			sourceTree = "<group>";
		};
		B97CF58A2AD91DF400494FE5 /* TableViewCell */ = {
			isa = PBXGroup;
			children = (
				B97CF58B2AD91E2100494FE5 /* TableViewCell.swift */,
			);
			path = TableViewCell;
			sourceTree = "<group>";
		};
/* End PBXGroup section */

/* Begin PBXNativeTarget section */
		B97C2AAE2AD90CD1004BC3EA /* AthenticationFormRealm */ = {
			isa = PBXNativeTarget;
			buildConfigurationList = B97C2AC32AD90CD3004BC3EA /* Build configuration list for PBXNativeTarget "AthenticationFormRealm" */;
			buildPhases = (
				B97C2AAB2AD90CD1004BC3EA /* Sources */,
				B97C2AAC2AD90CD1004BC3EA /* Frameworks */,
				B97C2AAD2AD90CD1004BC3EA /* Resources */,
			);
			buildRules = (
			);
			dependencies = (
			);
			name = AthenticationFormRealm;
			packageProductDependencies = (
				B91154122AD90DA100332B58 /* Realm */,
				B91154142AD90DA100332B58 /* RealmSwift */,
			);
			productName = AthenticationFormRealm;
			productReference = B97C2AAF2AD90CD1004BC3EA /* AthenticationFormRealm.app */;
			productType = "com.apple.product-type.application";
		};
/* End PBXNativeTarget section */

/* Begin PBXProject section */
		B97C2AA72AD90CD1004BC3EA /* Project object */ = {
			isa = PBXProject;
			attributes = {
				BuildIndependentTargetsInParallel = 1;
				LastSwiftUpdateCheck = 1420;
				LastUpgradeCheck = 1420;
				TargetAttributes = {
					B97C2AAE2AD90CD1004BC3EA = {
						CreatedOnToolsVersion = 14.2;
					};
				};
			};
			buildConfigurationList = B97C2AAA2AD90CD1004BC3EA /* Build configuration list for PBXProject "AthenticationFormRealm" */;
			compatibilityVersion = "Xcode 14.0";
			developmentRegion = en;
			hasScannedForEncodings = 0;
			knownRegions = (
				en,
				Base,
			);
			mainGroup = B97C2AA62AD90CD1004BC3EA;
			packageReferences = (
				B91154112AD90DA100332B58 /* XCRemoteSwiftPackageReference "realm-swift" */,
			);
			productRefGroup = B97C2AB02AD90CD1004BC3EA /* Products */;
			projectDirPath = "";
			projectRoot = "";
			targets = (
				B97C2AAE2AD90CD1004BC3EA /* AthenticationFormRealm */,
			);
		};
/* End PBXProject section */

/* Begin PBXResourcesBuildPhase section */
		B97C2AAD2AD90CD1004BC3EA /* Resources */ = {
			isa = PBXResourcesBuildPhase;
			buildActionMask = 2147483647;
			files = (
				B97C2ABF2AD90CD3004BC3EA /* LaunchScreen.storyboard in Resources */,
				B97C2ABC2AD90CD3004BC3EA /* Assets.xcassets in Resources */,
				B97C2ABA2AD90CD1004BC3EA /* Main.storyboard in Resources */,
			);
			runOnlyForDeploymentPostprocessing = 0;
		};
/* End PBXResourcesBuildPhase section */

/* Begin PBXSourcesBuildPhase section */
		B97C2AAB2AD90CD1004BC3EA /* Sources */ = {
			isa = PBXSourcesBuildPhase;
			buildActionMask = 2147483647;
			files = (
				B97CF5902AD935DE00494FE5 /* SignupViewController.swift in Sources */,
				B97CF5872AD91A9C00494FE5 /* SignUp.swift in Sources */,
				B97C2AB72AD90CD1004BC3EA /* ViewController.swift in Sources */,
				B97C2AB32AD90CD1004BC3EA /* AppDelegate.swift in Sources */,
				B97CF5852AD91A6F00494FE5 /* Login.swift in Sources */,
				B97CF58E2AD935B600494FE5 /* LoginViewController.swift in Sources */,
				B97CF5922AD96A6F00494FE5 /* String+extension.swift in Sources */,
				B97CF5892AD91DE600494FE5 /* UserNameViewController.swift in Sources */,
				B97CF58C2AD91E2100494FE5 /* TableViewCell.swift in Sources */,
				B97C2AB52AD90CD1004BC3EA /* SceneDelegate.swift in Sources */,
			);
			runOnlyForDeploymentPostprocessing = 0;
		};
/* End PBXSourcesBuildPhase section */

/* Begin PBXVariantGroup section */
		B97C2AB82AD90CD1004BC3EA /* Main.storyboard */ = {
			isa = PBXVariantGroup;
			children = (
				B97C2AB92AD90CD1004BC3EA /* Base */,
			);
			name = Main.storyboard;
			sourceTree = "<group>";
		};
		B97C2ABD2AD90CD3004BC3EA /* LaunchScreen.storyboard */ = {
			isa = PBXVariantGroup;
			children = (
				B97C2ABE2AD90CD3004BC3EA /* Base */,
			);
			name = LaunchScreen.storyboard;
			sourceTree = "<group>";
		};
/* End PBXVariantGroup section */

/* Begin XCBuildConfiguration section */
		B97C2AC12AD90CD3004BC3EA /* Debug */ = {
			isa = XCBuildConfiguration;
			buildSettings = {
				ALWAYS_SEARCH_USER_PATHS = NO;
				CLANG_ANALYZER_NONNULL = YES;
				CLANG_ANALYZER_NUMBER_OBJECT_CONVERSION = YES_AGGRESSIVE;
				CLANG_CXX_LANGUAGE_STANDARD = "gnu++20";
				CLANG_ENABLE_MODULES = YES;
				CLANG_ENABLE_OBJC_ARC = YES;
				CLANG_ENABLE_OBJC_WEAK = YES;
				CLANG_WARN_BLOCK_CAPTURE_AUTORELEASING = YES;
				CLANG_WARN_BOOL_CONVERSION = YES;
				CLANG_WARN_COMMA = YES;
				CLANG_WARN_CONSTANT_CONVERSION = YES;
				CLANG_WARN_DEPRECATED_OBJC_IMPLEMENTATIONS = YES;
				CLANG_WARN_DIRECT_OBJC_ISA_USAGE = YES_ERROR;
				CLANG_WARN_DOCUMENTATION_COMMENTS = YES;
				CLANG_WARN_EMPTY_BODY = YES;
				CLANG_WARN_ENUM_CONVERSION = YES;
				CLANG_WARN_INFINITE_RECURSION = YES;
				CLANG_WARN_INT_CONVERSION = YES;
				CLANG_WARN_NON_LITERAL_NULL_CONVERSION = YES;
				CLANG_WARN_OBJC_IMPLICIT_RETAIN_SELF = YES;
				CLANG_WARN_OBJC_LITERAL_CONVERSION = YES;
				CLANG_WARN_OBJC_ROOT_CLASS = YES_ERROR;
				CLANG_WARN_QUOTED_INCLUDE_IN_FRAMEWORK_HEADER = YES;
				CLANG_WARN_RANGE_LOOP_ANALYSIS = YES;
				CLANG_WARN_STRICT_PROTOTYPES = YES;
				CLANG_WARN_SUSPICIOUS_MOVE = YES;
				CLANG_WARN_UNGUARDED_AVAILABILITY = YES_AGGRESSIVE;
				CLANG_WARN_UNREACHABLE_CODE = YES;
				CLANG_WARN__DUPLICATE_METHOD_MATCH = YES;
				COPY_PHASE_STRIP = NO;
				DEBUG_INFORMATION_FORMAT = dwarf;
				ENABLE_STRICT_OBJC_MSGSEND = YES;
				ENABLE_TESTABILITY = YES;
				GCC_C_LANGUAGE_STANDARD = gnu11;
				GCC_DYNAMIC_NO_PIC = NO;
				GCC_NO_COMMON_BLOCKS = YES;
				GCC_OPTIMIZATION_LEVEL = 0;
				GCC_PREPROCESSOR_DEFINITIONS = (
					"DEBUG=1",
					"$(inherited)",
				);
				GCC_WARN_64_TO_32_BIT_CONVERSION = YES;
				GCC_WARN_ABOUT_RETURN_TYPE = YES_ERROR;
				GCC_WARN_UNDECLARED_SELECTOR = YES;
				GCC_WARN_UNINITIALIZED_AUTOS = YES_AGGRESSIVE;
				GCC_WARN_UNUSED_FUNCTION = YES;
				GCC_WARN_UNUSED_VARIABLE = YES;
				IPHONEOS_DEPLOYMENT_TARGET = 16.2;
				MTL_ENABLE_DEBUG_INFO = INCLUDE_SOURCE;
				MTL_FAST_MATH = YES;
				ONLY_ACTIVE_ARCH = YES;
				SDKROOT = iphoneos;
				SWIFT_ACTIVE_COMPILATION_CONDITIONS = DEBUG;
				SWIFT_OPTIMIZATION_LEVEL = "-Onone";
			};
			name = Debug;
		};
		B97C2AC22AD90CD3004BC3EA /* Release */ = {
			isa = XCBuildConfiguration;
			buildSettings = {
				ALWAYS_SEARCH_USER_PATHS = NO;
				CLANG_ANALYZER_NONNULL = YES;
				CLANG_ANALYZER_NUMBER_OBJECT_CONVERSION = YES_AGGRESSIVE;
				CLANG_CXX_LANGUAGE_STANDARD = "gnu++20";
				CLANG_ENABLE_MODULES = YES;
				CLANG_ENABLE_OBJC_ARC = YES;
				CLANG_ENABLE_OBJC_WEAK = YES;
				CLANG_WARN_BLOCK_CAPTURE_AUTORELEASING = YES;
				CLANG_WARN_BOOL_CONVERSION = YES;
				CLANG_WARN_COMMA = YES;
				CLANG_WARN_CONSTANT_CONVERSION = YES;
				CLANG_WARN_DEPRECATED_OBJC_IMPLEMENTATIONS = YES;
				CLANG_WARN_DIRECT_OBJC_ISA_USAGE = YES_ERROR;
				CLANG_WARN_DOCUMENTATION_COMMENTS = YES;
				CLANG_WARN_EMPTY_BODY = YES;
				CLANG_WARN_ENUM_CONVERSION = YES;
				CLANG_WARN_INFINITE_RECURSION = YES;
				CLANG_WARN_INT_CONVERSION = YES;
				CLANG_WARN_NON_LITERAL_NULL_CONVERSION = YES;
				CLANG_WARN_OBJC_IMPLICIT_RETAIN_SELF = YES;
				CLANG_WARN_OBJC_LITERAL_CONVERSION = YES;
				CLANG_WARN_OBJC_ROOT_CLASS = YES_ERROR;
				CLANG_WARN_QUOTED_INCLUDE_IN_FRAMEWORK_HEADER = YES;
				CLANG_WARN_RANGE_LOOP_ANALYSIS = YES;
				CLANG_WARN_STRICT_PROTOTYPES = YES;
				CLANG_WARN_SUSPICIOUS_MOVE = YES;
				CLANG_WARN_UNGUARDED_AVAILABILITY = YES_AGGRESSIVE;
				CLANG_WARN_UNREACHABLE_CODE = YES;
				CLANG_WARN__DUPLICATE_METHOD_MATCH = YES;
				COPY_PHASE_STRIP = NO;
				DEBUG_INFORMATION_FORMAT = "dwarf-with-dsym";
				ENABLE_NS_ASSERTIONS = NO;
				ENABLE_STRICT_OBJC_MSGSEND = YES;
				GCC_C_LANGUAGE_STANDARD = gnu11;
				GCC_NO_COMMON_BLOCKS = YES;
				GCC_WARN_64_TO_32_BIT_CONVERSION = YES;
				GCC_WARN_ABOUT_RETURN_TYPE = YES_ERROR;
				GCC_WARN_UNDECLARED_SELECTOR = YES;
				GCC_WARN_UNINITIALIZED_AUTOS = YES_AGGRESSIVE;
				GCC_WARN_UNUSED_FUNCTION = YES;
				GCC_WARN_UNUSED_VARIABLE = YES;
				IPHONEOS_DEPLOYMENT_TARGET = 16.2;
				MTL_ENABLE_DEBUG_INFO = NO;
				MTL_FAST_MATH = YES;
				SDKROOT = iphoneos;
				SWIFT_COMPILATION_MODE = wholemodule;
				SWIFT_OPTIMIZATION_LEVEL = "-O";
				VALIDATE_PRODUCT = YES;
			};
			name = Release;
		};
		B97C2AC42AD90CD3004BC3EA /* Debug */ = {
			isa = XCBuildConfiguration;
			buildSettings = {
				ASSETCATALOG_COMPILER_APPICON_NAME = AppIcon;
				ASSETCATALOG_COMPILER_GLOBAL_ACCENT_COLOR_NAME = AccentColor;
				CODE_SIGN_STYLE = Automatic;
				CURRENT_PROJECT_VERSION = 1;
				GENERATE_INFOPLIST_FILE = YES;
				INFOPLIST_FILE = AthenticationFormRealm/Info.plist;
				INFOPLIST_KEY_UIApplicationSupportsIndirectInputEvents = YES;
				INFOPLIST_KEY_UILaunchStoryboardName = LaunchScreen;
				INFOPLIST_KEY_UIMainStoryboardFile = Main;
				INFOPLIST_KEY_UISupportedInterfaceOrientations_iPad = "UIInterfaceOrientationPortrait UIInterfaceOrientationPortraitUpsideDown UIInterfaceOrientationLandscapeLeft UIInterfaceOrientationLandscapeRight";
				INFOPLIST_KEY_UISupportedInterfaceOrientations_iPhone = "UIInterfaceOrientationPortrait UIInterfaceOrientationLandscapeLeft UIInterfaceOrientationLandscapeRight";
				LD_RUNPATH_SEARCH_PATHS = (
					"$(inherited)",
					"@executable_path/Frameworks",
				);
				MARKETING_VERSION = 1.0;
				PRODUCT_BUNDLE_IDENTIFIER = sid.AthenticationFormRealm;
				PRODUCT_NAME = "$(TARGET_NAME)";
				SWIFT_EMIT_LOC_STRINGS = YES;
				SWIFT_VERSION = 5.0;
				TARGETED_DEVICE_FAMILY = "1,2";
			};
			name = Debug;
		};
		B97C2AC52AD90CD3004BC3EA /* Release */ = {
			isa = XCBuildConfiguration;
			buildSettings = {
				ASSETCATALOG_COMPILER_APPICON_NAME = AppIcon;
				ASSETCATALOG_COMPILER_GLOBAL_ACCENT_COLOR_NAME = AccentColor;
				CODE_SIGN_STYLE = Automatic;
				CURRENT_PROJECT_VERSION = 1;
				GENERATE_INFOPLIST_FILE = YES;
				INFOPLIST_FILE = AthenticationFormRealm/Info.plist;
				INFOPLIST_KEY_UIApplicationSupportsIndirectInputEvents = YES;
				INFOPLIST_KEY_UILaunchStoryboardName = LaunchScreen;
				INFOPLIST_KEY_UIMainStoryboardFile = Main;
				INFOPLIST_KEY_UISupportedInterfaceOrientations_iPad = "UIInterfaceOrientationPortrait UIInterfaceOrientationPortraitUpsideDown UIInterfaceOrientationLandscapeLeft UIInterfaceOrientationLandscapeRight";
				INFOPLIST_KEY_UISupportedInterfaceOrientations_iPhone = "UIInterfaceOrientationPortrait UIInterfaceOrientationLandscapeLeft UIInterfaceOrientationLandscapeRight";
				LD_RUNPATH_SEARCH_PATHS = (
					"$(inherited)",
					"@executable_path/Frameworks",
				);
				MARKETING_VERSION = 1.0;
				PRODUCT_BUNDLE_IDENTIFIER = sid.AthenticationFormRealm;
				PRODUCT_NAME = "$(TARGET_NAME)";
				SWIFT_EMIT_LOC_STRINGS = YES;
				SWIFT_VERSION = 5.0;
				TARGETED_DEVICE_FAMILY = "1,2";
			};
			name = Release;
		};
/* End XCBuildConfiguration section */

/* Begin XCConfigurationList section */
		B97C2AAA2AD90CD1004BC3EA /* Build configuration list for PBXProject "AthenticationFormRealm" */ = {
			isa = XCConfigurationList;
			buildConfigurations = (
				B97C2AC12AD90CD3004BC3EA /* Debug */,
				B97C2AC22AD90CD3004BC3EA /* Release */,
			);
			defaultConfigurationIsVisible = 0;
			defaultConfigurationName = Release;
		};
		B97C2AC32AD90CD3004BC3EA /* Build configuration list for PBXNativeTarget "AthenticationFormRealm" */ = {
			isa = XCConfigurationList;
			buildConfigurations = (
				B97C2AC42AD90CD3004BC3EA /* Debug */,
				B97C2AC52AD90CD3004BC3EA /* Release */,
			);
			defaultConfigurationIsVisible = 0;
			defaultConfigurationName = Release;
		};
/* End XCConfigurationList section */

/* Begin XCRemoteSwiftPackageReference section */
		B91154112AD90DA100332B58 /* XCRemoteSwiftPackageReference "realm-swift" */ = {
			isa = XCRemoteSwiftPackageReference;
			repositoryURL = "https://github.com/realm/realm-swift";
			requirement = {
				branch = master;
				kind = branch;
			};
		};
/* End XCRemoteSwiftPackageReference section */

/* Begin XCSwiftPackageProductDependency section */
		B91154122AD90DA100332B58 /* Realm */ = {
			isa = XCSwiftPackageProductDependency;
			package = B91154112AD90DA100332B58 /* XCRemoteSwiftPackageReference "realm-swift" */;
			productName = Realm;
		};
		B91154142AD90DA100332B58 /* RealmSwift */ = {
			isa = XCSwiftPackageProductDependency;
			package = B91154112AD90DA100332B58 /* XCRemoteSwiftPackageReference "realm-swift" */;
			productName = RealmSwift;
		};
/* End XCSwiftPackageProductDependency section */
	};
	rootObject = B97C2AA72AD90CD1004BC3EA /* Project object */;
}
